
Microsoft Visual Studio Solution File, Format Version 12.00
# Visual Studio Version 16
VisualStudioVersion = 16.0.31112.23
MinimumVisualStudioVersion = 10.0.40219.1
Project("{FAE04EC0-301F-11D3-BF4B-00C04F79EFBC}") = "n01458860CumulativePart1", "n01458860CumulativePart1.csproj", "{8245460B-49C8-46FB-A6AA-450F1A338CF2}"
EndProject
Global
	GlobalSection(SolutionConfigurationPlatforms) = preSolution
		Debug|Any CPU = Debug|Any CPU
		Release|Any CPU = Release|Any CPU
	EndGlobalSection
	GlobalSection(ProjectConfigurationPlatforms) = postSolution
		{8245460B-49C8-46FB-A6AA-450F1A338CF2}.Debug|Any CPU.ActiveCfg = Debug|Any CPU
		{8245460B-49C8-46FB-A6AA-450F1A338CF2}.Debug|Any CPU.Build.0 = Debug|Any CPU
		{8245460B-49C8-46FB-A6AA-450F1A338CF2}.Release|Any CPU.ActiveCfg = Release|Any CPU
		{8245460B-49C8-46FB-A6AA-450F1A338CF2}.Release|Any CPU.Build.0 = Release|Any CPU
	EndGlobalSection
	GlobalSection(SolutionProperties) = preSolution
		HideSolutionNode = FALSE
	EndGlobalSection
	GlobalSection(ExtensibilityGlobals) = postSolution
		SolutionGuid = {3AEC1066-6CE4-4A79-B134-31EFF2964754}
	EndGlobalSection
EndGlobal
